{
  "name": "tezos",
  "lockfileVersion": 2,
  "requires": true,
  "packages": {
    "": {
      "license": "n/a",
      "dependencies": {
        "@ethereumjs/common": "^3.1.2",
        "@ethereumjs/tx": "^4.1.2",
        "@nomadic-labs/ocaml-bls12-381": ">=6.1.0 <6.2.0",
        "@nomadic-labs/secp256k1-wasm": ">=0.4.0",
        "hacl-wasm": ">=1.3.0 <1.4.0"
      }
    },
    "node_modules/@chainsafe/as-sha256": {
      "version": "0.4.1",
      "resolved": "https://registry.npmjs.org/@chainsafe/as-sha256/-/as-sha256-0.4.1.tgz",
      "integrity": "sha512-IqeeGwQihK6Y2EYLFofqs2eY2ep1I2MvQXHzOAI+5iQN51OZlUkrLgyAugu2x86xZewDk5xas7lNczkzFzF62w=="
    },
    "node_modules/@chainsafe/persistent-merkle-tree": {
      "version": "0.6.1",
      "resolved": "https://registry.npmjs.org/@chainsafe/persistent-merkle-tree/-/persistent-merkle-tree-0.6.1.tgz",
      "integrity": "sha512-gcENLemRR13+1MED2NeZBMA7FRS0xQPM7L2vhMqvKkjqtFT4YfjSVADq5U0iLuQLhFUJEMVuA8fbv5v+TN6O9A==",
      "dependencies": {
        "@chainsafe/as-sha256": "^0.4.1",
        "@noble/hashes": "^1.3.0"
      }
    },
    "node_modules/@chainsafe/ssz": {
      "version": "0.11.1",
      "resolved": "https://registry.npmjs.org/@chainsafe/ssz/-/ssz-0.11.1.tgz",
      "integrity": "sha512-cB8dBkgGN6ZoeOKuk+rIRHKN0L5i9JLGeC0Lui71QX0TuLcQKwgbfkUexpyJxnGFatWf8yeJxlOjozMn/OTP0g==",
      "dependencies": {
        "@chainsafe/as-sha256": "^0.4.1",
        "@chainsafe/persistent-merkle-tree": "^0.6.1"
      }
    },
    "node_modules/@ethereumjs/common": {
      "version": "3.1.2",
      "resolved": "https://registry.npmjs.org/@ethereumjs/common/-/common-3.1.2.tgz",
      "integrity": "sha512-YV+bZfRlFhAXg+FfwC5r4UQKVj4OG7vDP5/JvvNXLLbYpNplH5Vca9jD0L+ab8y0YlTYJMQM1ALyHFu3AE3eBA==",
      "dependencies": {
        "@ethereumjs/util": "^8.0.6",
        "crc-32": "^1.2.0"
      }
    },
    "node_modules/@ethereumjs/rlp": {
      "version": "4.0.1",
      "resolved": "https://registry.npmjs.org/@ethereumjs/rlp/-/rlp-4.0.1.tgz",
      "integrity": "sha512-tqsQiBQDQdmPWE1xkkBq4rlSW5QZpLOUJ5RJh2/9fug+q9tnUhuZoVLk7s0scUIKTOzEtR72DFBXI4WiZcMpvw==",
      "bin": {
        "rlp": "bin/rlp"
      },
      "engines": {
        "node": ">=14"
      }
    },
    "node_modules/@ethereumjs/tx": {
      "version": "4.1.2",
      "resolved": "https://registry.npmjs.org/@ethereumjs/tx/-/tx-4.1.2.tgz",
      "integrity": "sha512-PWWyO9lAFOiLwk7nB9OQisoJUsuvMz2PN2v4/ILbBpzamC5Ug79OddVq9r4rKvIDLPY+bn4NFerxBJg29+sjaA==",
      "dependencies": {
        "@chainsafe/ssz": "^0.11.1",
        "@ethereumjs/common": "^3.1.2",
        "@ethereumjs/rlp": "^4.0.1",
        "@ethereumjs/util": "^8.0.6",
        "ethereum-cryptography": "^2.0.0"
      },
      "engines": {
        "node": ">=14"
      },
      "peerDependencies": {
        "c-kzg": "^1.0.8"
      },
      "peerDependenciesMeta": {
        "c-kzg": {
          "optional": true
        }
      }
    },
    "node_modules/@ethereumjs/util": {
      "version": "8.0.6",
      "resolved": "https://registry.npmjs.org/@ethereumjs/util/-/util-8.0.6.tgz",
      "integrity": "sha512-zFLG/gXtF3QUC7iKFn4PT6HCr+DEnlCbwUGKGtXoqjA+64T+e0FuqMjlo4bQIY2ngRzk3EtudKdGYC4g31ehhg==",
      "dependencies": {
        "@chainsafe/ssz": "^0.11.1",
        "@ethereumjs/rlp": "^4.0.1",
        "ethereum-cryptography": "^2.0.0",
        "micro-ftch": "^0.3.1"
      },
      "engines": {
        "node": ">=14"
      }
    },
    "node_modules/@noble/curves": {
      "version": "1.0.0",
      "resolved": "https://registry.npmjs.org/@noble/curves/-/curves-1.0.0.tgz",
      "integrity": "sha512-2upgEu0iLiDVDZkNLeFV2+ht0BAVgQnEmCk6JsOch9Rp8xfkMCbvbAZlA2pBHQc73dbl+vFOXfqkf4uemdn0bw==",
      "funding": [
        {
          "type": "individual",
          "url": "https://paulmillr.com/funding/"
        }
      ],
      "dependencies": {
        "@noble/hashes": "1.3.0"
      }
    },
    "node_modules/@noble/curves/node_modules/@noble/hashes": {
      "version": "1.3.0",
      "resolved": "https://registry.npmjs.org/@noble/hashes/-/hashes-1.3.0.tgz",
      "integrity": "sha512-ilHEACi9DwqJB0pw7kv+Apvh50jiiSyR/cQ3y4W7lOR5mhvn/50FLUfsnfJz0BDZtl/RR16kXvptiv6q1msYZg==",
      "funding": [
        {
          "type": "individual",
          "url": "https://paulmillr.com/funding/"
        }
      ]
    },
    "node_modules/@noble/hashes": {
      "version": "1.3.1",
      "resolved": "https://registry.npmjs.org/@noble/hashes/-/hashes-1.3.1.tgz",
      "integrity": "sha512-EbqwksQwz9xDRGfDST86whPBgM65E0OH/pCgqW0GBVzO22bNE+NuIbeTb714+IfSjU3aRk47EUvXIb5bTsenKA==",
      "engines": {
        "node": ">= 16"
      },
      "funding": {
        "url": "https://paulmillr.com/funding/"
      }
    },
    "node_modules/@nomadic-labs/ocaml-bls12-381": {
      "version": "6.1.0",
      "resolved": "https://gitlab.com/api/v4/projects/39407453/packages/npm/@nomadic-labs/ocaml-bls12-381/-/@nomadic-labs/ocaml-bls12-381-6.1.0.tgz",
      "integrity": "sha1-XtQzkRjvDFxnjaCPSaFtC1jkOeA="
    },
    "node_modules/@nomadic-labs/secp256k1-wasm": {
      "version": "0.4.0",
      "resolved": "https://gitlab.com/api/v4/projects/17524462/packages/npm/@nomadic-labs/secp256k1-wasm/-/@nomadic-labs/secp256k1-wasm-0.4.0.tgz",
      "integrity": "sha1-Ll5cmCToW/dc1T/gVseEMHR1reY="
    },
    "node_modules/@scure/base": {
      "version": "1.1.1",
      "resolved": "https://registry.npmjs.org/@scure/base/-/base-1.1.1.tgz",
      "integrity": "sha512-ZxOhsSyxYwLJj3pLZCefNitxsj093tb2vq90mp2txoYeBqbcjDjqFhyM8eUjq/uFm6zJ+mUuqxlS2FkuSY1MTA==",
      "funding": [
        {
          "type": "individual",
          "url": "https://paulmillr.com/funding/"
        }
      ]
    },
    "node_modules/@scure/bip32": {
      "version": "1.3.0",
      "resolved": "https://registry.npmjs.org/@scure/bip32/-/bip32-1.3.0.tgz",
      "integrity": "sha512-bcKpo1oj54hGholplGLpqPHRbIsnbixFtc06nwuNM5/dwSXOq/AAYoIBRsBmnZJSdfeNW5rnff7NTAz3ZCqR9Q==",
      "funding": [
        {
          "type": "individual",
          "url": "https://paulmillr.com/funding/"
        }
      ],
      "dependencies": {
        "@noble/curves": "~1.0.0",
        "@noble/hashes": "~1.3.0",
        "@scure/base": "~1.1.0"
      }
    },
    "node_modules/@scure/bip39": {
      "version": "1.2.0",
      "resolved": "https://registry.npmjs.org/@scure/bip39/-/bip39-1.2.0.tgz",
      "integrity": "sha512-SX/uKq52cuxm4YFXWFaVByaSHJh2w3BnokVSeUJVCv6K7WulT9u2BuNRBhuFl8vAuYnzx9bEu9WgpcNYTrYieg==",
      "funding": [
        {
          "type": "individual",
          "url": "https://paulmillr.com/funding/"
        }
      ],
      "dependencies": {
        "@noble/hashes": "~1.3.0",
        "@scure/base": "~1.1.0"
      }
    },
    "node_modules/crc-32": {
      "version": "1.2.2",
      "resolved": "https://registry.npmjs.org/crc-32/-/crc-32-1.2.2.tgz",
      "integrity": "sha512-ROmzCKrTnOwybPcJApAA6WBWij23HVfGVNKqqrZpuyZOHqK2CwHSvpGuyt/UNNvaIjEd8X5IFGp4Mh+Ie1IHJQ==",
      "bin": {
        "crc32": "bin/crc32.njs"
      },
      "engines": {
        "node": ">=0.8"
      }
    },
    "node_modules/ethereum-cryptography": {
      "version": "2.0.0",
      "resolved": "https://registry.npmjs.org/ethereum-cryptography/-/ethereum-cryptography-2.0.0.tgz",
      "integrity": "sha512-g25m4EtfQGjstWgVE1aIz7XYYjf3kH5kG17ULWVB5dH6uLahsoltOhACzSxyDV+fhn4gbR4xRrOXGe6r2uh4Bg==",
      "dependencies": {
        "@noble/curves": "1.0.0",
        "@noble/hashes": "1.3.0",
        "@scure/bip32": "1.3.0",
        "@scure/bip39": "1.2.0"
      }
    },
    "node_modules/ethereum-cryptography/node_modules/@noble/hashes": {
      "version": "1.3.0",
      "resolved": "https://registry.npmjs.org/@noble/hashes/-/hashes-1.3.0.tgz",
      "integrity": "sha512-ilHEACi9DwqJB0pw7kv+Apvh50jiiSyR/cQ3y4W7lOR5mhvn/50FLUfsnfJz0BDZtl/RR16kXvptiv6q1msYZg==",
      "funding": [
        {
          "type": "individual",
          "url": "https://paulmillr.com/funding/"
        }
      ]
    },
    "node_modules/hacl-wasm": {
      "version": "1.3.0",
      "resolved": "https://registry.npmjs.org/hacl-wasm/-/hacl-wasm-1.3.0.tgz",
      "integrity": "sha512-JQ0B83LSb6q5Hco+ST/s8zlQxN+fERW8Lt4iGrTCbF5c3p70RjPmE5vRA7Tzw+AZ3zzX+6J9Dwc7iC1vFPRn9A=="
    },
    "node_modules/micro-ftch": {
      "version": "0.3.1",
      "resolved": "https://registry.npmjs.org/micro-ftch/-/micro-ftch-0.3.1.tgz",
      "integrity": "sha512-/0LLxhzP0tfiR5hcQebtudP56gUurs2CLkGarnCiB/OqEyUFQ6U3paQi/tgLv0hBJYt2rnr9MNpxz4fiiugstg=="
    }
  },
  "dependencies": {
    "@chainsafe/as-sha256": {
      "version": "0.4.1",
      "resolved": "https://registry.npmjs.org/@chainsafe/as-sha256/-/as-sha256-0.4.1.tgz",
      "integrity": "sha512-IqeeGwQihK6Y2EYLFofqs2eY2ep1I2MvQXHzOAI+5iQN51OZlUkrLgyAugu2x86xZewDk5xas7lNczkzFzF62w=="
    },
    "@chainsafe/persistent-merkle-tree": {
      "version": "0.6.1",
      "resolved": "https://registry.npmjs.org/@chainsafe/persistent-merkle-tree/-/persistent-merkle-tree-0.6.1.tgz",
      "integrity": "sha512-gcENLemRR13+1MED2NeZBMA7FRS0xQPM7L2vhMqvKkjqtFT4YfjSVADq5U0iLuQLhFUJEMVuA8fbv5v+TN6O9A==",
      "requires": {
        "@chainsafe/as-sha256": "^0.4.1",
        "@noble/hashes": "^1.3.0"
      }
    },
    "@chainsafe/ssz": {
      "version": "0.11.1",
      "resolved": "https://registry.npmjs.org/@chainsafe/ssz/-/ssz-0.11.1.tgz",
      "integrity": "sha512-cB8dBkgGN6ZoeOKuk+rIRHKN0L5i9JLGeC0Lui71QX0TuLcQKwgbfkUexpyJxnGFatWf8yeJxlOjozMn/OTP0g==",
      "requires": {
        "@chainsafe/as-sha256": "^0.4.1",
        "@chainsafe/persistent-merkle-tree": "^0.6.1"
      }
    },
    "@ethereumjs/common": {
      "version": "3.1.2",
      "resolved": "https://registry.npmjs.org/@ethereumjs/common/-/common-3.1.2.tgz",
      "integrity": "sha512-YV+bZfRlFhAXg+FfwC5r4UQKVj4OG7vDP5/JvvNXLLbYpNplH5Vca9jD0L+ab8y0YlTYJMQM1ALyHFu3AE3eBA==",
      "requires": {
        "@ethereumjs/util": "^8.0.6",
        "crc-32": "^1.2.0"
      }
    },
    "@ethereumjs/rlp": {
      "version": "4.0.1",
      "resolved": "https://registry.npmjs.org/@ethereumjs/rlp/-/rlp-4.0.1.tgz",
      "integrity": "sha512-tqsQiBQDQdmPWE1xkkBq4rlSW5QZpLOUJ5RJh2/9fug+q9tnUhuZoVLk7s0scUIKTOzEtR72DFBXI4WiZcMpvw=="
    },
    "@ethereumjs/tx": {
      "version": "4.1.2",
      "resolved": "https://registry.npmjs.org/@ethereumjs/tx/-/tx-4.1.2.tgz",
      "integrity": "sha512-PWWyO9lAFOiLwk7nB9OQisoJUsuvMz2PN2v4/ILbBpzamC5Ug79OddVq9r4rKvIDLPY+bn4NFerxBJg29+sjaA==",
      "requires": {
        "@chainsafe/ssz": "^0.11.1",
        "@ethereumjs/common": "^3.1.2",
        "@ethereumjs/rlp": "^4.0.1",
        "@ethereumjs/util": "^8.0.6",
        "ethereum-cryptography": "^2.0.0"
      }
    },
    "@ethereumjs/util": {
      "version": "8.0.6",
      "resolved": "https://registry.npmjs.org/@ethereumjs/util/-/util-8.0.6.tgz",
      "integrity": "sha512-zFLG/gXtF3QUC7iKFn4PT6HCr+DEnlCbwUGKGtXoqjA+64T+e0FuqMjlo4bQIY2ngRzk3EtudKdGYC4g31ehhg==",
      "requires": {
        "@chainsafe/ssz": "^0.11.1",
        "@ethereumjs/rlp": "^4.0.1",
        "ethereum-cryptography": "^2.0.0",
        "micro-ftch": "^0.3.1"
      }
    },
    "@noble/curves": {
      "version": "1.0.0",
      "resolved": "https://registry.npmjs.org/@noble/curves/-/curves-1.0.0.tgz",
      "integrity": "sha512-2upgEu0iLiDVDZkNLeFV2+ht0BAVgQnEmCk6JsOch9Rp8xfkMCbvbAZlA2pBHQc73dbl+vFOXfqkf4uemdn0bw==",
      "requires": {
        "@noble/hashes": "1.3.0"
      },
      "dependencies": {
        "@noble/hashes": {
          "version": "1.3.0",
          "resolved": "https://registry.npmjs.org/@noble/hashes/-/hashes-1.3.0.tgz",
          "integrity": "sha512-ilHEACi9DwqJB0pw7kv+Apvh50jiiSyR/cQ3y4W7lOR5mhvn/50FLUfsnfJz0BDZtl/RR16kXvptiv6q1msYZg=="
        }
      }
    },
    "@noble/hashes": {
      "version": "1.3.1",
      "resolved": "https://registry.npmjs.org/@noble/hashes/-/hashes-1.3.1.tgz",
      "integrity": "sha512-EbqwksQwz9xDRGfDST86whPBgM65E0OH/pCgqW0GBVzO22bNE+NuIbeTb714+IfSjU3aRk47EUvXIb5bTsenKA=="
    },
    "@nomadic-labs/ocaml-bls12-381": {
      "version": "6.1.0",
      "resolved": "https://gitlab.com/api/v4/projects/39407453/packages/npm/@nomadic-labs/ocaml-bls12-381/-/@nomadic-labs/ocaml-bls12-381-6.1.0.tgz",
      "integrity": "sha1-XtQzkRjvDFxnjaCPSaFtC1jkOeA="
    },
    "@nomadic-labs/secp256k1-wasm": {
      "version": "0.4.0",
      "resolved": "https://gitlab.com/api/v4/projects/17524462/packages/npm/@nomadic-labs/secp256k1-wasm/-/@nomadic-labs/secp256k1-wasm-0.4.0.tgz",
      "integrity": "sha1-Ll5cmCToW/dc1T/gVseEMHR1reY="
    },
    "@scure/base": {
      "version": "1.1.1",
      "resolved": "https://registry.npmjs.org/@scure/base/-/base-1.1.1.tgz",
      "integrity": "sha512-ZxOhsSyxYwLJj3pLZCefNitxsj093tb2vq90mp2txoYeBqbcjDjqFhyM8eUjq/uFm6zJ+mUuqxlS2FkuSY1MTA=="
    },
    "@scure/bip32": {
      "version": "1.3.0",
      "resolved": "https://registry.npmjs.org/@scure/bip32/-/bip32-1.3.0.tgz",
      "integrity": "sha512-bcKpo1oj54hGholplGLpqPHRbIsnbixFtc06nwuNM5/dwSXOq/AAYoIBRsBmnZJSdfeNW5rnff7NTAz3ZCqR9Q==",
      "requires": {
        "@noble/curves": "~1.0.0",
        "@noble/hashes": "~1.3.0",
        "@scure/base": "~1.1.0"
      }
    },
    "@scure/bip39": {
      "version": "1.2.0",
      "resolved": "https://registry.npmjs.org/@scure/bip39/-/bip39-1.2.0.tgz",
      "integrity": "sha512-SX/uKq52cuxm4YFXWFaVByaSHJh2w3BnokVSeUJVCv6K7WulT9u2BuNRBhuFl8vAuYnzx9bEu9WgpcNYTrYieg==",
      "requires": {
        "@noble/hashes": "~1.3.0",
        "@scure/base": "~1.1.0"
      }
    },
    "crc-32": {
      "version": "1.2.2",
      "resolved": "https://registry.npmjs.org/crc-32/-/crc-32-1.2.2.tgz",
      "integrity": "sha512-ROmzCKrTnOwybPcJApAA6WBWij23HVfGVNKqqrZpuyZOHqK2CwHSvpGuyt/UNNvaIjEd8X5IFGp4Mh+Ie1IHJQ=="
    },
    "ethereum-cryptography": {
      "version": "2.0.0",
      "resolved": "https://registry.npmjs.org/ethereum-cryptography/-/ethereum-cryptography-2.0.0.tgz",
      "integrity": "sha512-g25m4EtfQGjstWgVE1aIz7XYYjf3kH5kG17ULWVB5dH6uLahsoltOhACzSxyDV+fhn4gbR4xRrOXGe6r2uh4Bg==",
      "requires": {
        "@noble/curves": "1.0.0",
        "@noble/hashes": "1.3.0",
        "@scure/bip32": "1.3.0",
        "@scure/bip39": "1.2.0"
      },
      "dependencies": {
        "@noble/hashes": {
          "version": "1.3.0",
          "resolved": "https://registry.npmjs.org/@noble/hashes/-/hashes-1.3.0.tgz",
          "integrity": "sha512-ilHEACi9DwqJB0pw7kv+Apvh50jiiSyR/cQ3y4W7lOR5mhvn/50FLUfsnfJz0BDZtl/RR16kXvptiv6q1msYZg=="
        }
      }
    },
    "hacl-wasm": {
      "version": "1.3.0",
      "resolved": "https://registry.npmjs.org/hacl-wasm/-/hacl-wasm-1.3.0.tgz",
      "integrity": "sha512-JQ0B83LSb6q5Hco+ST/s8zlQxN+fERW8Lt4iGrTCbF5c3p70RjPmE5vRA7Tzw+AZ3zzX+6J9Dwc7iC1vFPRn9A=="
    },
    "micro-ftch": {
      "version": "0.3.1",
      "resolved": "https://registry.npmjs.org/micro-ftch/-/micro-ftch-0.3.1.tgz",
      "integrity": "sha512-/0LLxhzP0tfiR5hcQebtudP56gUurs2CLkGarnCiB/OqEyUFQ6U3paQi/tgLv0hBJYt2rnr9MNpxz4fiiugstg=="
    }
  }
}
